
Microsoft Visual Studio Solution File, Format Version 12.00
# Visual Studio Version 17
VisualStudioVersion = 17.8.34322.80
MinimumVisualStudioVersion = 10.0.40219.1
Project("{FAE04EC0-301F-11D3-BF4B-00C04F79EFBC}") = "proveedoresAPP", "proveedoresAPP\proveedoresAPP.csproj", "{F905B183-FD3A-4BC3-B5AB-4BC5F8A4C505}"
EndProject
Global
	GlobalSection(SolutionConfigurationPlatforms) = preSolution
		Debug|Any CPU = Debug|Any CPU
		Release|Any CPU = Release|Any CPU
	EndGlobalSection
	GlobalSection(ProjectConfigurationPlatforms) = postSolution
		{F905B183-FD3A-4BC3-B5AB-4BC5F8A4C505}.Debug|Any CPU.ActiveCfg = Debug|Any CPU
		{F905B183-FD3A-4BC3-B5AB-4BC5F8A4C505}.Debug|Any CPU.Build.0 = Debug|Any CPU
		{F905B183-FD3A-4BC3-B5AB-4BC5F8A4C505}.Release|Any CPU.ActiveCfg = Release|Any CPU
		{F905B183-FD3A-4BC3-B5AB-4BC5F8A4C505}.Release|Any CPU.Build.0 = Release|Any CPU
	EndGlobalSection
	GlobalSection(SolutionProperties) = preSolution
		HideSolutionNode = FALSE
	EndGlobalSection
	GlobalSection(ExtensibilityGlobals) = postSolution
		SolutionGuid = {8BE67C6E-9CD3-4B60-BEAF-B0121BE11499}
	EndGlobalSection
EndGlobal
